
Microsoft Visual Studio Solution File, Format Version 12.00
# Visual Studio Version 17
VisualStudioVersion = 17.0.32112.339
MinimumVisualStudioVersion = 10.0.40219.1
Project("{FAE04EC0-301F-11D3-BF4B-00C04F79EFBC}") = "ZZZRpcDumper", "ZZZRpcDumper.csproj", "{53548B72-7034-40CC-BB9A-37AFBA0290BA}"
EndProject
Global
	GlobalSection(SolutionConfigurationPlatforms) = preSolution
		Debug|Any CPU = Debug|Any CPU
		Release|Any CPU = Release|Any CPU
	EndGlobalSection
	GlobalSection(ProjectConfigurationPlatforms) = postSolution
		{53548B72-7034-40CC-BB9A-37AFBA0290BA}.Debug|Any CPU.ActiveCfg = Debug|Any CPU
		{53548B72-7034-40CC-BB9A-37AFBA0290BA}.Debug|Any CPU.Build.0 = Debug|Any CPU
		{53548B72-7034-40CC-BB9A-37AFBA0290BA}.Release|Any CPU.ActiveCfg = Release|Any CPU
		{53548B72-7034-40CC-BB9A-37AFBA0290BA}.Release|Any CPU.Build.0 = Release|Any CPU
	EndGlobalSection
	GlobalSection(SolutionProperties) = preSolution
		HideSolutionNode = FALSE
	EndGlobalSection
	GlobalSection(ExtensibilityGlobals) = postSolution
		SolutionGuid = {E7BBE735-A58A-428E-A3D9-C9B71FFC0C7D}
	EndGlobalSection
EndGlobal
